
Microsoft Visual Studio Solution File, Format Version 12.00
# Visual Studio Version 17
VisualStudioVersion = 17.6.33723.286
MinimumVisualStudioVersion = 10.0.40219.1
Project("{FAE04EC0-301F-11D3-BF4B-00C04F79EFBC}") = "Particle Simulator", "Particle Simulator\Particle Simulator.csproj", "{FF88A0BF-E61A-46B6-9716-AB1A54BE2FD7}"
EndProject
Global
	GlobalSection(SolutionConfigurationPlatforms) = preSolution
		Debug|Any CPU = Debug|Any CPU
		Release|Any CPU = Release|Any CPU
	EndGlobalSection
	GlobalSection(ProjectConfigurationPlatforms) = postSolution
		{FF88A0BF-E61A-46B6-9716-AB1A54BE2FD7}.Debug|Any CPU.ActiveCfg = Debug|Any CPU
		{FF88A0BF-E61A-46B6-9716-AB1A54BE2FD7}.Debug|Any CPU.Build.0 = Debug|Any CPU
		{FF88A0BF-E61A-46B6-9716-AB1A54BE2FD7}.Release|Any CPU.ActiveCfg = Release|Any CPU
		{FF88A0BF-E61A-46B6-9716-AB1A54BE2FD7}.Release|Any CPU.Build.0 = Release|Any CPU
	EndGlobalSection
	GlobalSection(SolutionProperties) = preSolution
		HideSolutionNode = FALSE
	EndGlobalSection
	GlobalSection(ExtensibilityGlobals) = postSolution
		SolutionGuid = {B95403C1-C97E-4A0B-8D6D-03B08439C9CF}
	EndGlobalSection
EndGlobal
